# @generated - this file is auto-generated by `mise lock` https://mise.jdx.dev/dev-tools/mise-lock.html

[[tools.direnv]]
version = "2.37.1"
backend = "asdf:direnv"

[[tools.just]]
version = "1.49.0"
backend = "ubi:casey/just"

[[tools.python]]
version = "3.14.4"
backend = "core:python"

[tools.python."platforms.linux-arm64"]
checksum = "sha256:c84d61ae07e3b255f8bac6a28147bd373c3c1862d1d5598a9543a5b103fcb595"
url = "https://github.com/astral-sh/python-build-standalone/releases/download/20260408/cpython-3.14.4+20260408-aarch64-unknown-linux-gnu-install_only_stripped.tar.gz"
provenance = "github-attestations"

[tools.python."platforms.linux-arm64-musl"]
checksum = "sha256:c84d61ae07e3b255f8bac6a28147bd373c3c1862d1d5598a9543a5b103fcb595"
url = "https://github.com/astral-sh/python-build-standalone/releases/download/20260408/cpython-3.14.4+20260408-aarch64-unknown-linux-gnu-install_only_stripped.tar.gz"
provenance = "github-attestations"

[tools.python."platforms.linux-x64"]
checksum = "sha256:c838ac128a6e9c944b30301880472349eca8cd1abc79fb0d359ac2a358569389"
url = "https://github.com/astral-sh/python-build-standalone/releases/download/20260408/cpython-3.14.4+20260408-x86_64-unknown-linux-gnu-install_only_stripped.tar.gz"
provenance = "github-attestations"

[tools.python."platforms.linux-x64-musl"]
checksum = "sha256:c838ac128a6e9c944b30301880472349eca8cd1abc79fb0d359ac2a358569389"
url = "https://github.com/astral-sh/python-build-standalone/releases/download/20260408/cpython-3.14.4+20260408-x86_64-unknown-linux-gnu-install_only_stripped.tar.gz"
provenance = "github-attestations"

[tools.python."platforms.macos-arm64"]
checksum = "sha256:f1ce5d79bceecbed25a37b611d6dae147b27857dda8181e3a5e29e73dd1c57c3"
url = "https://github.com/astral-sh/python-build-standalone/releases/download/20260408/cpython-3.14.4+20260408-aarch64-apple-darwin-install_only_stripped.tar.gz"
provenance = "github-attestations"

[tools.python."platforms.macos-x64"]
checksum = "sha256:1c9615f872058332b74b2be1b248078c636b6f4b116eed3e17f50eb7efe1a989"
url = "https://github.com/astral-sh/python-build-standalone/releases/download/20260408/cpython-3.14.4+20260408-x86_64-apple-darwin-install_only_stripped.tar.gz"
provenance = "github-attestations"

[tools.python."platforms.windows-x64"]
checksum = "sha256:472f4f0d91429661db1b28a72e36adc593b6bd5d19db222d7faca635b3005313"
url = "https://github.com/astral-sh/python-build-standalone/releases/download/20260408/cpython-3.14.4+20260408-x86_64-pc-windows-msvc-install_only_stripped.tar.gz"
provenance = "github-attestations"

[[tools.uv]]
version = "0.11.6"
backend = "asdf:uv"
